
Microsoft Visual Studio Solution File, Format Version 12.00
# Visual Studio 14
VisualStudioVersion = 14.0.25123.0
MinimumVisualStudioVersion = 10.0.40219.1
Project("{FAE04EC0-301F-11D3-BF4B-00C04F79EFBC}") = "Day1-Homework", "Day1-Homework\Day1-Homework.csproj", "{32D7FF9F-5B5A-4EEE-989F-044821309D64}"
EndProject
Project("{FAE04EC0-301F-11D3-BF4B-00C04F79EFBC}") = "Day1-HomeworkTests", "Day1-HomeworkTests\Day1-HomeworkTests.csproj", "{B8926DB1-36F6-4571-B8A2-A9B50D6DE42F}"
EndProject
Global
	GlobalSection(SolutionConfigurationPlatforms) = preSolution
		Debug|Any CPU = Debug|Any CPU
		Release|Any CPU = Release|Any CPU
	EndGlobalSection
	GlobalSection(ProjectConfigurationPlatforms) = postSolution
		{32D7FF9F-5B5A-4EEE-989F-044821309D64}.Debug|Any CPU.ActiveCfg = Debug|Any CPU
		{32D7FF9F-5B5A-4EEE-989F-044821309D64}.Debug|Any CPU.Build.0 = Debug|Any CPU
		{32D7FF9F-5B5A-4EEE-989F-044821309D64}.Release|Any CPU.ActiveCfg = Release|Any CPU
		{32D7FF9F-5B5A-4EEE-989F-044821309D64}.Release|Any CPU.Build.0 = Release|Any CPU
		{B8926DB1-36F6-4571-B8A2-A9B50D6DE42F}.Debug|Any CPU.ActiveCfg = Debug|Any CPU
		{B8926DB1-36F6-4571-B8A2-A9B50D6DE42F}.Debug|Any CPU.Build.0 = Debug|Any CPU
		{B8926DB1-36F6-4571-B8A2-A9B50D6DE42F}.Release|Any CPU.ActiveCfg = Release|Any CPU
		{B8926DB1-36F6-4571-B8A2-A9B50D6DE42F}.Release|Any CPU.Build.0 = Release|Any CPU
	EndGlobalSection
	GlobalSection(SolutionProperties) = preSolution
		HideSolutionNode = FALSE
	EndGlobalSection
EndGlobal
